
Microsoft Visual Studio Solution File, Format Version 12.00
# Visual Studio Version 17
VisualStudioVersion = 17.13.35806.99 d17.13
MinimumVisualStudioVersion = 10.0.40219.1
Project("{FAE04EC0-301F-11D3-BF4B-00C04F79EFBC}") = "View", "View.csproj", "{8788CD89-901A-41EC-9986-F4DE03CAB991}"
EndProject
Project("{FAE04EC0-301F-11D3-BF4B-00C04F79EFBC}") = "Model", "..\Model\Model.csproj", "{699A38A8-1B19-4F56-90E8-18261226B0C9}"
EndProject
Global
	GlobalSection(SolutionConfigurationPlatforms) = preSolution
		Debug|Any CPU = Debug|Any CPU
		Release|Any CPU = Release|Any CPU
	EndGlobalSection
	GlobalSection(ProjectConfigurationPlatforms) = postSolution
		{8788CD89-901A-41EC-9986-F4DE03CAB991}.Debug|Any CPU.ActiveCfg = Debug|Any CPU
		{8788CD89-901A-41EC-9986-F4DE03CAB991}.Debug|Any CPU.Build.0 = Debug|Any CPU
		{8788CD89-901A-41EC-9986-F4DE03CAB991}.Release|Any CPU.ActiveCfg = Release|Any CPU
		{8788CD89-901A-41EC-9986-F4DE03CAB991}.Release|Any CPU.Build.0 = Release|Any CPU
		{699A38A8-1B19-4F56-90E8-18261226B0C9}.Debug|Any CPU.ActiveCfg = Debug|Any CPU
		{699A38A8-1B19-4F56-90E8-18261226B0C9}.Debug|Any CPU.Build.0 = Debug|Any CPU
		{699A38A8-1B19-4F56-90E8-18261226B0C9}.Release|Any CPU.ActiveCfg = Release|Any CPU
		{699A38A8-1B19-4F56-90E8-18261226B0C9}.Release|Any CPU.Build.0 = Release|Any CPU
	EndGlobalSection
	GlobalSection(SolutionProperties) = preSolution
		HideSolutionNode = FALSE
	EndGlobalSection
	GlobalSection(ExtensibilityGlobals) = postSolution
		SolutionGuid = {F3EABD2E-1EB5-426D-9B6F-E3EE8176385F}
	EndGlobalSection
EndGlobal
