
Microsoft Visual Studio Solution File, Format Version 12.00
# Visual Studio Version 17
VisualStudioVersion = 17.9.34902.65
MinimumVisualStudioVersion = 10.0.40219.1
Project("{FAE04EC0-301F-11D3-BF4B-00C04F79EFBC}") = "ConsoleAppPolymorphysm", "ConsoleAppPolymorphysm\ConsoleAppPolymorphysm.csproj", "{F7D22D8F-B44F-47D0-A74E-76D54B11835E}"
EndProject
Project("{FAE04EC0-301F-11D3-BF4B-00C04F79EFBC}") = "ClassLibrary", "ClassLibrary\ClassLibrary.csproj", "{A369F51A-DE64-4770-BC09-9594603785A9}"
EndProject
Global
	GlobalSection(SolutionConfigurationPlatforms) = preSolution
		Debug|Any CPU = Debug|Any CPU
		Release|Any CPU = Release|Any CPU
	EndGlobalSection
	GlobalSection(ProjectConfigurationPlatforms) = postSolution
		{F7D22D8F-B44F-47D0-A74E-76D54B11835E}.Debug|Any CPU.ActiveCfg = Debug|Any CPU
		{F7D22D8F-B44F-47D0-A74E-76D54B11835E}.Debug|Any CPU.Build.0 = Debug|Any CPU
		{F7D22D8F-B44F-47D0-A74E-76D54B11835E}.Release|Any CPU.ActiveCfg = Release|Any CPU
		{F7D22D8F-B44F-47D0-A74E-76D54B11835E}.Release|Any CPU.Build.0 = Release|Any CPU
		{A369F51A-DE64-4770-BC09-9594603785A9}.Debug|Any CPU.ActiveCfg = Debug|Any CPU
		{A369F51A-DE64-4770-BC09-9594603785A9}.Debug|Any CPU.Build.0 = Debug|Any CPU
		{A369F51A-DE64-4770-BC09-9594603785A9}.Release|Any CPU.ActiveCfg = Release|Any CPU
		{A369F51A-DE64-4770-BC09-9594603785A9}.Release|Any CPU.Build.0 = Release|Any CPU
	EndGlobalSection
	GlobalSection(SolutionProperties) = preSolution
		HideSolutionNode = FALSE
	EndGlobalSection
	GlobalSection(ExtensibilityGlobals) = postSolution
		SolutionGuid = {08C0EAA3-268B-4DCD-AF52-99974DA9C39B}
	EndGlobalSection
EndGlobal
